Microsoft Visual Studio Solution File, Format Version 11.00
# Visual Studio 2008

Project("{6CEBA639-54A6-7C81-1D26-6032A6330AD5}") = "FreeStyle", "Assembly-CSharp-firstpass.csproj", "{5044E33B-2D1B-8532-621C-BE16282832E5}"
EndProject
Project("{6CEBA639-54A6-7C81-1D26-6032A6330AD5}") = "FreeStyle", "Assembly-CSharp.csproj", "{76717DA0-FDED-BC45-F1AA-666149315A56}"
EndProject
Project("{6CEBA639-54A6-7C81-1D26-6032A6330AD5}") = "FreeStyle", "Assembly-CSharp-Editor.csproj", "{0851F99B-EE03-C1BC-C204-6BB173327517}"
EndProject
Global
	GlobalSection(SolutionConfigurationPlatforms) = preSolution
		Debug|Any CPU = Debug|Any CPU
		Release|Any CPU = Release|Any CPU
	EndGlobalSection
	GlobalSection(ProjectConfigurationPlatforms) = postSolution
		{5044E33B-2D1B-8532-621C-BE16282832E5}.Debug|Any CPU.ActiveCfg = Debug|Any CPU
		{5044E33B-2D1B-8532-621C-BE16282832E5}.Debug|Any CPU.Build.0 = Debug|Any CPU
		{5044E33B-2D1B-8532-621C-BE16282832E5}.Release|Any CPU.ActiveCfg = Release|Any CPU
		{5044E33B-2D1B-8532-621C-BE16282832E5}.Release|Any CPU.Build.0 = Release|Any CPU
		{76717DA0-FDED-BC45-F1AA-666149315A56}.Debug|Any CPU.ActiveCfg = Debug|Any CPU
		{76717DA0-FDED-BC45-F1AA-666149315A56}.Debug|Any CPU.Build.0 = Debug|Any CPU
		{76717DA0-FDED-BC45-F1AA-666149315A56}.Release|Any CPU.ActiveCfg = Release|Any CPU
		{76717DA0-FDED-BC45-F1AA-666149315A56}.Release|Any CPU.Build.0 = Release|Any CPU
		{0851F99B-EE03-C1BC-C204-6BB173327517}.Debug|Any CPU.ActiveCfg = Debug|Any CPU
		{0851F99B-EE03-C1BC-C204-6BB173327517}.Debug|Any CPU.Build.0 = Debug|Any CPU
		{0851F99B-EE03-C1BC-C204-6BB173327517}.Release|Any CPU.ActiveCfg = Release|Any CPU
		{0851F99B-EE03-C1BC-C204-6BB173327517}.Release|Any CPU.Build.0 = Release|Any CPU
	EndGlobalSection
	GlobalSection(SolutionProperties) = preSolution
		HideSolutionNode = FALSE
	EndGlobalSection
	GlobalSection(MonoDevelopProperties) = preSolution
		StartupItem = Assembly-CSharp.csproj
	EndGlobalSection
EndGlobal
